
Microsoft Visual Studio Solution File, Format Version 12.00
# Visual Studio 15
VisualStudioVersion = 15.0.27428.2037
MinimumVisualStudioVersion = 10.0.40219.1
Project("{FAE04EC0-301F-11D3-BF4B-00C04F79EFBC}") = "WPF-ChunChen-CRM", "WPF-ChunChen-CRM\WPF-ChunChen-CRM.csproj", "{91B24792-2911-4292-9924-35C900DEF2FE}"
EndProject
Project("{2150E333-8FDC-42A3-9474-1A3956D46DE8}") = "1-Base", "1-Base", "{02222547-559A-4B9A-AB63-8F1C4AF530AC}"
EndProject
Project("{2150E333-8FDC-42A3-9474-1A3956D46DE8}") = "3-Services", "3-Services", "{77E7CD7E-40E4-4494-AF22-9D8309902C1F}"
EndProject
Project("{2150E333-8FDC-42A3-9474-1A3956D46DE8}") = "4-Model", "4-Model", "{B109F5CA-1147-4AB1-BA56-771AD7080AA9}"
EndProject
Project("{FAE04EC0-301F-11D3-BF4B-00C04F79EFBC}") = "Data", "Data\Data.csproj", "{B285120B-EE0B-439F-B3D1-E7A5CBDF91B4}"
EndProject
Project("{2150E333-8FDC-42A3-9474-1A3956D46DE8}") = "2-IServices", "2-IServices", "{567B0F6B-CC2C-4717-832C-C9C7BC8FAA8F}"
EndProject
Global
	GlobalSection(SolutionConfigurationPlatforms) = preSolution
		Debug|Any CPU = Debug|Any CPU
		Release|Any CPU = Release|Any CPU
	EndGlobalSection
	GlobalSection(ProjectConfigurationPlatforms) = postSolution
		{91B24792-2911-4292-9924-35C900DEF2FE}.Debug|Any CPU.ActiveCfg = Debug|Any CPU
		{91B24792-2911-4292-9924-35C900DEF2FE}.Debug|Any CPU.Build.0 = Debug|Any CPU
		{91B24792-2911-4292-9924-35C900DEF2FE}.Release|Any CPU.ActiveCfg = Release|Any CPU
		{91B24792-2911-4292-9924-35C900DEF2FE}.Release|Any CPU.Build.0 = Release|Any CPU
		{B285120B-EE0B-439F-B3D1-E7A5CBDF91B4}.Debug|Any CPU.ActiveCfg = Debug|Any CPU
		{B285120B-EE0B-439F-B3D1-E7A5CBDF91B4}.Debug|Any CPU.Build.0 = Debug|Any CPU
		{B285120B-EE0B-439F-B3D1-E7A5CBDF91B4}.Release|Any CPU.ActiveCfg = Release|Any CPU
		{B285120B-EE0B-439F-B3D1-E7A5CBDF91B4}.Release|Any CPU.Build.0 = Release|Any CPU
	EndGlobalSection
	GlobalSection(SolutionProperties) = preSolution
		HideSolutionNode = FALSE
	EndGlobalSection
	GlobalSection(NestedProjects) = preSolution
		{B285120B-EE0B-439F-B3D1-E7A5CBDF91B4} = {02222547-559A-4B9A-AB63-8F1C4AF530AC}
	EndGlobalSection
	GlobalSection(ExtensibilityGlobals) = postSolution
		SolutionGuid = {D6541AD3-FC27-4415-B3BD-852875C7FAA4}
	EndGlobalSection
EndGlobal
